
Microsoft Visual Studio Solution File, Format Version 12.00
# Visual Studio for Mac
Project("{FAE04EC0-301F-11D3-BF4B-00C04F79EFBC}") = "WargamingTesttask", "Assembly-CSharp.csproj", "{F5AA6F91-9497-9589-D759-6A61BF59415E}"
EndProject
Project("{FAE04EC0-301F-11D3-BF4B-00C04F79EFBC}") = "WargamingTesttask", "Assembly-CSharp-Editor.csproj", "{29EB52F7-8DB8-BEEF-4744-86B0CC813B1A}"
EndProject
Global
	GlobalSection(SolutionConfigurationPlatforms) = preSolution
		Debug|Any CPU = Debug|Any CPU
		Release|Any CPU = Release|Any CPU
	EndGlobalSection
	GlobalSection(ProjectConfigurationPlatforms) = postSolution
		{F5AA6F91-9497-9589-D759-6A61BF59415E}.Debug|Any CPU.ActiveCfg = Debug|Any CPU
		{F5AA6F91-9497-9589-D759-6A61BF59415E}.Debug|Any CPU.Build.0 = Debug|Any CPU
		{F5AA6F91-9497-9589-D759-6A61BF59415E}.Release|Any CPU.ActiveCfg = Release|Any CPU
		{F5AA6F91-9497-9589-D759-6A61BF59415E}.Release|Any CPU.Build.0 = Release|Any CPU
		{29EB52F7-8DB8-BEEF-4744-86B0CC813B1A}.Debug|Any CPU.ActiveCfg = Debug|Any CPU
		{29EB52F7-8DB8-BEEF-4744-86B0CC813B1A}.Debug|Any CPU.Build.0 = Debug|Any CPU
		{29EB52F7-8DB8-BEEF-4744-86B0CC813B1A}.Release|Any CPU.ActiveCfg = Release|Any CPU
		{29EB52F7-8DB8-BEEF-4744-86B0CC813B1A}.Release|Any CPU.Build.0 = Release|Any CPU
	EndGlobalSection
	GlobalSection(SolutionProperties) = preSolution
		HideSolutionNode = FALSE
	EndGlobalSection
EndGlobal
